
Microsoft Visual Studio Solution File, Format Version 12.00
# Visual Studio Version 16
VisualStudioVersion = 16.0.28803.352
MinimumVisualStudioVersion = 10.0.40219.1
Project("{FAE04EC0-301F-11D3-BF4B-00C04F79EFBC}") = "QuickBuy.Dominio", "QuickBuy.Dominio\QuickBuy.Dominio.csproj", "{883DE517-780D-45AE-A524-CC8567FB25C0}"
EndProject
Global
	GlobalSection(SolutionConfigurationPlatforms) = preSolution
		Debug|Any CPU = Debug|Any CPU
		Release|Any CPU = Release|Any CPU
	EndGlobalSection
	GlobalSection(ProjectConfigurationPlatforms) = postSolution
		{883DE517-780D-45AE-A524-CC8567FB25C0}.Debug|Any CPU.ActiveCfg = Debug|Any CPU
		{883DE517-780D-45AE-A524-CC8567FB25C0}.Debug|Any CPU.Build.0 = Debug|Any CPU
		{883DE517-780D-45AE-A524-CC8567FB25C0}.Release|Any CPU.ActiveCfg = Release|Any CPU
		{883DE517-780D-45AE-A524-CC8567FB25C0}.Release|Any CPU.Build.0 = Release|Any CPU
	EndGlobalSection
	GlobalSection(SolutionProperties) = preSolution
		HideSolutionNode = FALSE
	EndGlobalSection
	GlobalSection(ExtensibilityGlobals) = postSolution
		SolutionGuid = {A2E50D7B-742B-4BB0-AF38-58F0A7C82181}
	EndGlobalSection
EndGlobal
